
Microsoft Visual Studio Solution File, Format Version 12.00
# Visual Studio Version 17
VisualStudioVersion = 17.14.36930.0 d17.14
MinimumVisualStudioVersion = 10.0.40219.1
Project("{FAE04EC0-301F-11D3-BF4B-00C04F79EFBC}") = "DSL_CMS", "DSL_CMS\DSL_CMS.csproj", "{A1B2C3D4-1111-4E5F-9A10-100000000001}"
EndProject
Project("{FAE04EC0-301F-11D3-BF4B-00C04F79EFBC}") = "DSL_CMS.BAL", "DSL_CMS.BAL\DSL_CMS.BAL.csproj", "{A1B2C3D4-1111-4E5F-9A10-100000000002}"
EndProject
Project("{FAE04EC0-301F-11D3-BF4B-00C04F79EFBC}") = "DSL_CMS.DAL", "DSL_CMS.DAL\DSL_CMS.DAL.csproj", "{A1B2C3D4-1111-4E5F-9A10-100000000003}"
EndProject
Global
	GlobalSection(SolutionConfigurationPlatforms) = preSolution
		Debug|Any CPU = Debug|Any CPU
		Release|Any CPU = Release|Any CPU
	EndGlobalSection
	GlobalSection(ProjectConfigurationPlatforms) = postSolution
		{A1B2C3D4-1111-4E5F-9A10-100000000001}.Debug|Any CPU.ActiveCfg = Debug|Any CPU
		{A1B2C3D4-1111-4E5F-9A10-100000000001}.Debug|Any CPU.Build.0 = Debug|Any CPU
		{A1B2C3D4-1111-4E5F-9A10-100000000001}.Release|Any CPU.ActiveCfg = Release|Any CPU
		{A1B2C3D4-1111-4E5F-9A10-100000000001}.Release|Any CPU.Build.0 = Release|Any CPU
		{A1B2C3D4-1111-4E5F-9A10-100000000002}.Debug|Any CPU.ActiveCfg = Debug|Any CPU
		{A1B2C3D4-1111-4E5F-9A10-100000000002}.Debug|Any CPU.Build.0 = Debug|Any CPU
		{A1B2C3D4-1111-4E5F-9A10-100000000002}.Release|Any CPU.ActiveCfg = Release|Any CPU
		{A1B2C3D4-1111-4E5F-9A10-100000000002}.Release|Any CPU.Build.0 = Release|Any CPU
		{A1B2C3D4-1111-4E5F-9A10-100000000003}.Debug|Any CPU.ActiveCfg = Debug|Any CPU
		{A1B2C3D4-1111-4E5F-9A10-100000000003}.Debug|Any CPU.Build.0 = Debug|Any CPU
		{A1B2C3D4-1111-4E5F-9A10-100000000003}.Release|Any CPU.ActiveCfg = Release|Any CPU
		{A1B2C3D4-1111-4E5F-9A10-100000000003}.Release|Any CPU.Build.0 = Release|Any CPU
	EndGlobalSection
	GlobalSection(SolutionProperties) = preSolution
		HideSolutionNode = FALSE
	EndGlobalSection
	GlobalSection(ExtensibilityGlobals) = postSolution
		SolutionGuid = {A1B2C3D4-1111-4E5F-9A10-1000000000FF}
	EndGlobalSection
EndGlobal
